// !$*UTF8*$!
{
	archiveVersion = 1;
	classes = {
	};
	objectVersion = 50;
	objects = {

/* Begin PBXBuildFile section */
		BCD16026268E0083006ABB8B /* ControllerC.swift in Sources */ = {isa = PBXBuildFile; fileRef = BCD16024268E0083006ABB8B /* ControllerC.swift */; };
		BCD16027268E0083006ABB8B /* ControllerC.xib in Resources */ = {isa = PBXBuildFile; fileRef = BCD16025268E0083006ABB8B /* ControllerC.xib */; };
		BCF8BFCF268CC90D00E08EA2 /* AppDelegate.swift in Sources */ = {isa = PBXBuildFile; fileRef = BCF8BFCE268CC90D00E08EA2 /* AppDelegate.swift */; };
		BCF8BFD1268CC90D00E08EA2 /* SceneDelegate.swift in Sources */ = {isa = PBXBuildFile; fileRef = BCF8BFD0268CC90D00E08EA2 /* SceneDelegate.swift */; };
		BCF8BFD3268CC90D00E08EA2 /* ControllerA.swift in Sources */ = {isa = PBXBuildFile; fileRef = BCF8BFD2268CC90D00E08EA2 /* ControllerA.swift */; };
		BCF8BFD6268CC90D00E08EA2 /* Main.storyboard in Resources */ = {isa = PBXBuildFile; fileRef = BCF8BFD4268CC90D00E08EA2 /* Main.storyboard */; };
		BCF8BFD8268CC90F00E08EA2 /* Assets.xcassets in Resources */ = {isa = PBXBuildFile; fileRef = BCF8BFD7268CC90F00E08EA2 /* Assets.xcassets */; };
		BCF8BFDB268CC90F00E08EA2 /* LaunchScreen.storyboard in Resources */ = {isa = PBXBuildFile; fileRef = BCF8BFD9268CC90F00E08EA2 /* LaunchScreen.storyboard */; };
		BCF8BFE3268CEAFC00E08EA2 /* ControllerB.swift in Sources */ = {isa = PBXBuildFile; fileRef = BCF8BFE2268CEAFC00E08EA2 /* ControllerB.swift */; };
/* End PBXBuildFile section */

/* Begin PBXFileReference section */
		BCD16024268E0083006ABB8B /* ControllerC.swift */ = {isa = PBXFileReference; lastKnownFileType = sourcecode.swift; path = ControllerC.swift; sourceTree = "<group>"; };
		BCD16025268E0083006ABB8B /* ControllerC.xib */ = {isa = PBXFileReference; lastKnownFileType = file.xib; path = ControllerC.xib; sourceTree = "<group>"; };
		BCF8BFCB268CC90D00E08EA2 /* InPassing.app */ = {isa = PBXFileReference; explicitFileType = wrapper.application; includeInIndex = 0; path = InPassing.app; sourceTree = BUILT_PRODUCTS_DIR; };
		BCF8BFCE268CC90D00E08EA2 /* AppDelegate.swift */ = {isa = PBXFileReference; lastKnownFileType = sourcecode.swift; path = AppDelegate.swift; sourceTree = "<group>"; };
		BCF8BFD0268CC90D00E08EA2 /* SceneDelegate.swift */ = {isa = PBXFileReference; lastKnownFileType = sourcecode.swift; path = SceneDelegate.swift; sourceTree = "<group>"; };
		BCF8BFD2268CC90D00E08EA2 /* ControllerA.swift */ = {isa = PBXFileReference; lastKnownFileType = sourcecode.swift; path = ControllerA.swift; sourceTree = "<group>"; };
		BCF8BFD5268CC90D00E08EA2 /* Base */ = {isa = PBXFileReference; lastKnownFileType = file.storyboard; name = Base; path = Base.lproj/Main.storyboard; sourceTree = "<group>"; };
		BCF8BFD7268CC90F00E08EA2 /* Assets.xcassets */ = {isa = PBXFileReference; lastKnownFileType = folder.assetcatalog; path = Assets.xcassets; sourceTree = "<group>"; };
		BCF8BFDA268CC90F00E08EA2 /* Base */ = {isa = PBXFileReference; lastKnownFileType = file.storyboard; name = Base; path = Base.lproj/LaunchScreen.storyboard; sourceTree = "<group>"; };
		BCF8BFDC268CC90F00E08EA2 /* Info.plist */ = {isa = PBXFileReference; lastKnownFileType = text.plist.xml; path = Info.plist; sourceTree = "<group>"; };
		BCF8BFE2268CEAFC00E08EA2 /* ControllerB.swift */ = {isa = PBXFileReference; lastKnownFileType = sourcecode.swift; path = ControllerB.swift; sourceTree = "<group>"; };
/* End PBXFileReference section */

/* Begin PBXFrameworksBuildPhase section */
		BCF8BFC8268CC90C00E08EA2 /* Frameworks */ = {
			isa = PBXFrameworksBuildPhase;
			buildActionMask = 2147483647;
			files = (
			);
			runOnlyForDeploymentPostprocessing = 0;
		};
/* End PBXFrameworksBuildPhase section */

/* Begin PBXGroup section */
		BCD16022268E004E006ABB8B /* Controller */ = {
			isa = PBXGroup;
			children = (
				BCF8BFD2268CC90D00E08EA2 /* ControllerA.swift */,
				BCF8BFE2268CEAFC00E08EA2 /* ControllerB.swift */,
			);
			path = Controller;
			sourceTree = "<group>";
		};
		BCD16023268E0067006ABB8B /* View */ = {
			isa = PBXGroup;
			children = (
				BCD16024268E0083006ABB8B /* ControllerC.swift */,
				BCD16025268E0083006ABB8B /* ControllerC.xib */,
			);
			path = View;
			sourceTree = "<group>";
		};
		BCF8BFC2268CC90C00E08EA2 = {
			isa = PBXGroup;
			children = (
				BCF8BFCD268CC90D00E08EA2 /* InPassing */,
				BCF8BFCC268CC90D00E08EA2 /* Products */,
			);
			sourceTree = "<group>";
		};
		BCF8BFCC268CC90D00E08EA2 /* Products */ = {
			isa = PBXGroup;
			children = (
				BCF8BFCB268CC90D00E08EA2 /* InPassing.app */,
			);
			name = Products;
			sourceTree = "<group>";
		};
		BCF8BFCD268CC90D00E08EA2 /* InPassing */ = {
			isa = PBXGroup;
			children = (
				BCF8BFCE268CC90D00E08EA2 /* AppDelegate.swift */,
				BCF8BFD0268CC90D00E08EA2 /* SceneDelegate.swift */,
				BCF8BFD4268CC90D00E08EA2 /* Main.storyboard */,
				BCD16023268E0067006ABB8B /* View */,
				BCD16022268E004E006ABB8B /* Controller */,
				BCF8BFD7268CC90F00E08EA2 /* Assets.xcassets */,
				BCF8BFD9268CC90F00E08EA2 /* LaunchScreen.storyboard */,
				BCF8BFDC268CC90F00E08EA2 /* Info.plist */,
			);
			path = InPassing;
			sourceTree = "<group>";
		};
/* End PBXGroup section */

/* Begin PBXNativeTarget section */
		BCF8BFCA268CC90C00E08EA2 /* InPassing */ = {
			isa = PBXNativeTarget;
			buildConfigurationList = BCF8BFDF268CC90F00E08EA2 /* Build configuration list for PBXNativeTarget "InPassing" */;
			buildPhases = (
				BCF8BFC7268CC90C00E08EA2 /* Sources */,
				BCF8BFC8268CC90C00E08EA2 /* Frameworks */,
				BCF8BFC9268CC90C00E08EA2 /* Resources */,
			);
			buildRules = (
			);
			dependencies = (
			);
			name = InPassing;
			productName = InPassing;
			productReference = BCF8BFCB268CC90D00E08EA2 /* InPassing.app */;
			productType = "com.apple.product-type.application";
		};
/* End PBXNativeTarget section */

/* Begin PBXProject section */
		BCF8BFC3268CC90C00E08EA2 /* Project object */ = {
			isa = PBXProject;
			attributes = {
				LastSwiftUpdateCheck = 1250;
				LastUpgradeCheck = 1250;
				TargetAttributes = {
					BCF8BFCA268CC90C00E08EA2 = {
						CreatedOnToolsVersion = 12.5.1;
					};
				};
			};
			buildConfigurationList = BCF8BFC6268CC90C00E08EA2 /* Build configuration list for PBXProject "InPassing" */;
			compatibilityVersion = "Xcode 9.3";
			developmentRegion = en;
			hasScannedForEncodings = 0;
			knownRegions = (
				en,
				Base,
			);
			mainGroup = BCF8BFC2268CC90C00E08EA2;
			productRefGroup = BCF8BFCC268CC90D00E08EA2 /* Products */;
			projectDirPath = "";
			projectRoot = "";
			targets = (
				BCF8BFCA268CC90C00E08EA2 /* InPassing */,
			);
		};
/* End PBXProject section */

/* Begin PBXResourcesBuildPhase section */
		BCF8BFC9268CC90C00E08EA2 /* Resources */ = {
			isa = PBXResourcesBuildPhase;
			buildActionMask = 2147483647;
			files = (
				BCF8BFDB268CC90F00E08EA2 /* LaunchScreen.storyboard in Resources */,
				BCF8BFD8268CC90F00E08EA2 /* Assets.xcassets in Resources */,
				BCF8BFD6268CC90D00E08EA2 /* Main.storyboard in Resources */,
				BCD16027268E0083006ABB8B /* ControllerC.xib in Resources */,
			);
			runOnlyForDeploymentPostprocessing = 0;
		};
/* End PBXResourcesBuildPhase section */

/* Begin PBXSourcesBuildPhase section */
		BCF8BFC7268CC90C00E08EA2 /* Sources */ = {
			isa = PBXSourcesBuildPhase;
			buildActionMask = 2147483647;
			files = (
				BCF8BFD3268CC90D00E08EA2 /* ControllerA.swift in Sources */,
				BCF8BFCF268CC90D00E08EA2 /* AppDelegate.swift in Sources */,
				BCF8BFE3268CEAFC00E08EA2 /* ControllerB.swift in Sources */,
				BCD16026268E0083006ABB8B /* ControllerC.swift in Sources */,
				BCF8BFD1268CC90D00E08EA2 /* SceneDelegate.swift in Sources */,
			);
			runOnlyForDeploymentPostprocessing = 0;
		};
/* End PBXSourcesBuildPhase section */

/* Begin PBXVariantGroup section */
		BCF8BFD4268CC90D00E08EA2 /* Main.storyboard */ = {
			isa = PBXVariantGroup;
			children = (
				BCF8BFD5268CC90D00E08EA2 /* Base */,
			);
			name = Main.storyboard;
			sourceTree = "<group>";
		};
		BCF8BFD9268CC90F00E08EA2 /* LaunchScreen.storyboard */ = {
			isa = PBXVariantGroup;
			children = (
				BCF8BFDA268CC90F00E08EA2 /* Base */,
			);
			name = LaunchScreen.storyboard;
			sourceTree = "<group>";
		};
/* End PBXVariantGroup section */

/* Begin XCBuildConfiguration section */
		BCF8BFDD268CC90F00E08EA2 /* Debug */ = {
			isa = XCBuildConfiguration;
			buildSettings = {
				ALWAYS_SEARCH_USER_PATHS = NO;
				CLANG_ANALYZER_NONNULL = YES;
				CLANG_ANALYZER_NUMBER_OBJECT_CONVERSION = YES_AGGRESSIVE;
				CLANG_CXX_LANGUAGE_STANDARD = "gnu++14";
				CLANG_CXX_LIBRARY = "libc++";
				CLANG_ENABLE_MODULES = YES;
				CLANG_ENABLE_OBJC_ARC = YES;
				CLANG_ENABLE_OBJC_WEAK = YES;
				CLANG_WARN_BLOCK_CAPTURE_AUTORELEASING = YES;
				CLANG_WARN_BOOL_CONVERSION = YES;
				CLANG_WARN_COMMA = YES;
				CLANG_WARN_CONSTANT_CONVERSION = YES;
				CLANG_WARN_DEPRECATED_OBJC_IMPLEMENTATIONS = YES;
				CLANG_WARN_DIRECT_OBJC_ISA_USAGE = YES_ERROR;
				CLANG_WARN_DOCUMENTATION_COMMENTS = YES;
				CLANG_WARN_EMPTY_BODY = YES;
				CLANG_WARN_ENUM_CONVERSION = YES;
				CLANG_WARN_INFINITE_RECURSION = YES;
				CLANG_WARN_INT_CONVERSION = YES;
				CLANG_WARN_NON_LITERAL_NULL_CONVERSION = YES;
				CLANG_WARN_OBJC_IMPLICIT_RETAIN_SELF = YES;
				CLANG_WARN_OBJC_LITERAL_CONVERSION = YES;
				CLANG_WARN_OBJC_ROOT_CLASS = YES_ERROR;
				CLANG_WARN_QUOTED_INCLUDE_IN_FRAMEWORK_HEADER = YES;
				CLANG_WARN_RANGE_LOOP_ANALYSIS = YES;
				CLANG_WARN_STRICT_PROTOTYPES = YES;
				CLANG_WARN_SUSPICIOUS_MOVE = YES;
				CLANG_WARN_UNGUARDED_AVAILABILITY = YES_AGGRESSIVE;
				CLANG_WARN_UNREACHABLE_CODE = YES;
				CLANG_WARN__DUPLICATE_METHOD_MATCH = YES;
				COPY_PHASE_STRIP = NO;
				DEBUG_INFORMATION_FORMAT = dwarf;
				ENABLE_STRICT_OBJC_MSGSEND = YES;
				ENABLE_TESTABILITY = YES;
				GCC_C_LANGUAGE_STANDARD = gnu11;
				GCC_DYNAMIC_NO_PIC = NO;
				GCC_NO_COMMON_BLOCKS = YES;
				GCC_OPTIMIZATION_LEVEL = 0;
				GCC_PREPROCESSOR_DEFINITIONS = (
					"DEBUG=1",
					"$(inherited)",
				);
				GCC_WARN_64_TO_32_BIT_CONVERSION = YES;
				GCC_WARN_ABOUT_RETURN_TYPE = YES_ERROR;
				GCC_WARN_UNDECLARED_SELECTOR = YES;
				GCC_WARN_UNINITIALIZED_AUTOS = YES_AGGRESSIVE;
				GCC_WARN_UNUSED_FUNCTION = YES;
				GCC_WARN_UNUSED_VARIABLE = YES;
				IPHONEOS_DEPLOYMENT_TARGET = 14.5;
				MTL_ENABLE_DEBUG_INFO = INCLUDE_SOURCE;
				MTL_FAST_MATH = YES;
				ONLY_ACTIVE_ARCH = YES;
				SDKROOT = iphoneos;
				SWIFT_ACTIVE_COMPILATION_CONDITIONS = DEBUG;
				SWIFT_OPTIMIZATION_LEVEL = "-Onone";
			};
			name = Debug;
		};
		BCF8BFDE268CC90F00E08EA2 /* Release */ = {
			isa = XCBuildConfiguration;
			buildSettings = {
				ALWAYS_SEARCH_USER_PATHS = NO;
				CLANG_ANALYZER_NONNULL = YES;
				CLANG_ANALYZER_NUMBER_OBJECT_CONVERSION = YES_AGGRESSIVE;
				CLANG_CXX_LANGUAGE_STANDARD = "gnu++14";
				CLANG_CXX_LIBRARY = "libc++";
				CLANG_ENABLE_MODULES = YES;
				CLANG_ENABLE_OBJC_ARC = YES;
				CLANG_ENABLE_OBJC_WEAK = YES;
				CLANG_WARN_BLOCK_CAPTURE_AUTORELEASING = YES;
				CLANG_WARN_BOOL_CONVERSION = YES;
				CLANG_WARN_COMMA = YES;
				CLANG_WARN_CONSTANT_CONVERSION = YES;
				CLANG_WARN_DEPRECATED_OBJC_IMPLEMENTATIONS = YES;
				CLANG_WARN_DIRECT_OBJC_ISA_USAGE = YES_ERROR;
				CLANG_WARN_DOCUMENTATION_COMMENTS = YES;
				CLANG_WARN_EMPTY_BODY = YES;
				CLANG_WARN_ENUM_CONVERSION = YES;
				CLANG_WARN_INFINITE_RECURSION = YES;
				CLANG_WARN_INT_CONVERSION = YES;
				CLANG_WARN_NON_LITERAL_NULL_CONVERSION = YES;
				CLANG_WARN_OBJC_IMPLICIT_RETAIN_SELF = YES;
				CLANG_WARN_OBJC_LITERAL_CONVERSION = YES;
				CLANG_WARN_OBJC_ROOT_CLASS = YES_ERROR;
				CLANG_WARN_QUOTED_INCLUDE_IN_FRAMEWORK_HEADER = YES;
				CLANG_WARN_RANGE_LOOP_ANALYSIS = YES;
				CLANG_WARN_STRICT_PROTOTYPES = YES;
				CLANG_WARN_SUSPICIOUS_MOVE = YES;
				CLANG_WARN_UNGUARDED_AVAILABILITY = YES_AGGRESSIVE;
				CLANG_WARN_UNREACHABLE_CODE = YES;
				CLANG_WARN__DUPLICATE_METHOD_MATCH = YES;
				COPY_PHASE_STRIP = NO;
				DEBUG_INFORMATION_FORMAT = "dwarf-with-dsym";
				ENABLE_NS_ASSERTIONS = NO;
				ENABLE_STRICT_OBJC_MSGSEND = YES;
				GCC_C_LANGUAGE_STANDARD = gnu11;
				GCC_NO_COMMON_BLOCKS = YES;
				GCC_WARN_64_TO_32_BIT_CONVERSION = YES;
				GCC_WARN_ABOUT_RETURN_TYPE = YES_ERROR;
				GCC_WARN_UNDECLARED_SELECTOR = YES;
				GCC_WARN_UNINITIALIZED_AUTOS = YES_AGGRESSIVE;
				GCC_WARN_UNUSED_FUNCTION = YES;
				GCC_WARN_UNUSED_VARIABLE = YES;
				IPHONEOS_DEPLOYMENT_TARGET = 14.5;
				MTL_ENABLE_DEBUG_INFO = NO;
				MTL_FAST_MATH = YES;
				SDKROOT = iphoneos;
				SWIFT_COMPILATION_MODE = wholemodule;
				SWIFT_OPTIMIZATION_LEVEL = "-O";
				VALIDATE_PRODUCT = YES;
			};
			name = Release;
		};
		BCF8BFE0268CC90F00E08EA2 /* Debug */ = {
			isa = XCBuildConfiguration;
			buildSettings = {
				ASSETCATALOG_COMPILER_APPICON_NAME = AppIcon;
				ASSETCATALOG_COMPILER_GLOBAL_ACCENT_COLOR_NAME = AccentColor;
				CODE_SIGN_STYLE = Automatic;
				DEVELOPMENT_TEAM = 676A84J3QT;
				INFOPLIST_FILE = InPassing/Info.plist;
				LD_RUNPATH_SEARCH_PATHS = (
					"$(inherited)",
					"@executable_path/Frameworks",
				);
				PRODUCT_BUNDLE_IDENTIFIER = com.RyanKanno.InPassing;
				PRODUCT_NAME = "$(TARGET_NAME)";
				SWIFT_VERSION = 5.0;
				TARGETED_DEVICE_FAMILY = "1,2";
			};
			name = Debug;
		};
		BCF8BFE1268CC90F00E08EA2 /* Release */ = {
			isa = XCBuildConfiguration;
			buildSettings = {
				ASSETCATALOG_COMPILER_APPICON_NAME = AppIcon;
				ASSETCATALOG_COMPILER_GLOBAL_ACCENT_COLOR_NAME = AccentColor;
				CODE_SIGN_STYLE = Automatic;
				DEVELOPMENT_TEAM = 676A84J3QT;
				INFOPLIST_FILE = InPassing/Info.plist;
				LD_RUNPATH_SEARCH_PATHS = (
					"$(inherited)",
					"@executable_path/Frameworks",
				);
				PRODUCT_BUNDLE_IDENTIFIER = com.RyanKanno.InPassing;
				PRODUCT_NAME = "$(TARGET_NAME)";
				SWIFT_VERSION = 5.0;
				TARGETED_DEVICE_FAMILY = "1,2";
			};
			name = Release;
		};
/* End XCBuildConfiguration section */

/* Begin XCConfigurationList section */
		BCF8BFC6268CC90C00E08EA2 /* Build configuration list for PBXProject "InPassing" */ = {
			isa = XCConfigurationList;
			buildConfigurations = (
				BCF8BFDD268CC90F00E08EA2 /* Debug */,
				BCF8BFDE268CC90F00E08EA2 /* Release */,
			);
			defaultConfigurationIsVisible = 0;
			defaultConfigurationName = Release;
		};
		BCF8BFDF268CC90F00E08EA2 /* Build configuration list for PBXNativeTarget "InPassing" */ = {
			isa = XCConfigurationList;
			buildConfigurations = (
				BCF8BFE0268CC90F00E08EA2 /* Debug */,
				BCF8BFE1268CC90F00E08EA2 /* Release */,
			);
			defaultConfigurationIsVisible = 0;
			defaultConfigurationName = Release;
		};
/* End XCConfigurationList section */
	};
	rootObject = BCF8BFC3268CC90C00E08EA2 /* Project object */;
}
